
Microsoft Visual Studio Solution File, Format Version 12.00
# Visual Studio Version 17
VisualStudioVersion = 17.8.34309.116
MinimumVisualStudioVersion = 10.0.40219.1
Project("{FAE04EC0-301F-11D3-BF4B-00C04F79EFBC}") = "NET-Status", "NET-Status\NET-Status.csproj", "{EE4A2CBA-9A20-4E59-AEC3-075EB332AAA5}"
EndProject
Global
	GlobalSection(SolutionConfigurationPlatforms) = preSolution
		Debug|Any CPU = Debug|Any CPU
		Release|Any CPU = Release|Any CPU
	EndGlobalSection
	GlobalSection(ProjectConfigurationPlatforms) = postSolution
		{EE4A2CBA-9A20-4E59-AEC3-075EB332AAA5}.Debug|Any CPU.ActiveCfg = Debug|Any CPU
		{EE4A2CBA-9A20-4E59-AEC3-075EB332AAA5}.Debug|Any CPU.Build.0 = Debug|Any CPU
		{EE4A2CBA-9A20-4E59-AEC3-075EB332AAA5}.Release|Any CPU.ActiveCfg = Release|Any CPU
		{EE4A2CBA-9A20-4E59-AEC3-075EB332AAA5}.Release|Any CPU.Build.0 = Release|Any CPU
	EndGlobalSection
	GlobalSection(SolutionProperties) = preSolution
		HideSolutionNode = FALSE
	EndGlobalSection
	GlobalSection(ExtensibilityGlobals) = postSolution
		SolutionGuid = {B1ED11DD-0372-4453-ADCC-9D65CD2C37A3}
	EndGlobalSection
EndGlobal
